{
  "nodes": {
    "agenix": {
      "inputs": {
        "darwin": "darwin",
        "home-manager": [
          "home-manager"
        ],
        "nixpkgs": [
          "nixpkgs"
        ],
        "systems": [
          "systems"
        ]
      },
      "locked": {
        "lastModified": 1762618334,
        "narHash": "sha256-wyT7Pl6tMFbFrs8Lk/TlEs81N6L+VSybPfiIgzU8lbQ=",
        "owner": "ryantm",
        "repo": "agenix",
        "rev": "fcdea223397448d35d9b31f798479227e80183f6",
        "type": "github"
      },
      "original": {
        "owner": "ryantm",
        "repo": "agenix",
        "type": "github"
      }
    },
    "anvim": {
      "inputs": {
        "gift-wrap": "gift-wrap",
        "neovim-nightly": "neovim-nightly",
        "nixpkgs": [
          "nixpkgs"
        ]
      },
      "locked": {
        "lastModified": 1769958346,
        "narHash": "sha256-RaHvTKbd8bB7rPZXld1MWZGlYzwua+aijAsTjcenJEo=",
        "rev": "755bb5a25194ca30230cfb4daee77deeddbc4cd6",
        "type": "tarball",
        "url": "https://codeberg.org/api/v1/repos/koibtw/anvim/archive/755bb5a25194ca30230cfb4daee77deeddbc4cd6.tar.gz?rev=755bb5a25194ca30230cfb4daee77deeddbc4cd6"
      },
      "original": {
        "type": "tarball",
        "url": "https://codeberg.org/koibtw/anvim/archive/main.tar.gz"
      }
    },
    "cuteff": {
      "inputs": {
        "nixpkgs": [
          "nixpkgs"
        ]
      },
      "locked": {
        "lastModified": 1768947991,
        "narHash": "sha256-Eg/0qQccLKXaFHhKCd8gJ/ZdxCSNcWhj31SAdl76bL8=",
        "rev": "11a4d1eada9f983f44f2ca7ee37a22da72a3a7e4",
        "type": "tarball",
        "url": "https://codeberg.org/api/v1/repos/koibtw/cuteff/archive/11a4d1eada9f983f44f2ca7ee37a22da72a3a7e4.tar.gz?rev=11a4d1eada9f983f44f2ca7ee37a22da72a3a7e4"
      },
      "original": {
        "type": "tarball",
        "url": "https://codeberg.org/koibtw/cuteff/archive/main.tar.gz"
      }
    },
    "darwin": {
      "inputs": {
        "nixpkgs": [
          "agenix",
          "nixpkgs"
        ]
      },
      "locked": {
        "lastModified": 1744478979,
        "narHash": "sha256-dyN+teG9G82G+m+PX/aSAagkC+vUv0SgUw3XkPhQodQ=",
        "owner": "lnl7",
        "repo": "nix-darwin",
        "rev": "43975d782b418ebf4969e9ccba82466728c2851b",
        "type": "github"
      },
      "original": {
        "owner": "lnl7",
        "ref": "master",
        "repo": "nix-darwin",
        "type": "github"
      }
    },
    "evergarden": {
      "inputs": {
        "nixpkgs": [
          "nixpkgs"
        ]
      },
      "locked": {
        "lastModified": 1769625148,
        "narHash": "sha256-l0DSiUHZ2Qkg9TAQAHYCT9zmFJzZbYYZfbWbPN+8iwY=",
        "rev": "6a93212882e30ad7b7e19d8b04da92009f13ddcb",
        "type": "tarball",
        "url": "https://codeberg.org/api/v1/repos/evergarden/nix/archive/6a93212882e30ad7b7e19d8b04da92009f13ddcb.tar.gz?rev=6a93212882e30ad7b7e19d8b04da92009f13ddcb"
      },
      "original": {
        "type": "tarball",
        "url": "https://codeberg.org/evergarden/nix/archive/main.tar.gz"
      }
    },
    "flake-parts": {
      "inputs": {
        "nixpkgs-lib": [
          "anvim",
          "neovim-nightly",
          "nixpkgs"
        ]
      },
      "locked": {
        "lastModified": 1768135262,
        "narHash": "sha256-PVvu7OqHBGWN16zSi6tEmPwwHQ4rLPU9Plvs8/1TUBY=",
        "owner": "hercules-ci",
        "repo": "flake-parts",
        "rev": "80daad04eddbbf5a4d883996a73f3f542fa437ac",
        "type": "github"
      },
      "original": {
        "owner": "hercules-ci",
        "repo": "flake-parts",
        "type": "github"
      }
    },
    "gift-wrap": {
      "inputs": {
        "nixpkgs": [
          "anvim",
          "nixpkgs"
        ]
      },
      "locked": {
        "lastModified": 1762616265,
        "narHash": "sha256-eYdzjKUNNT2lpay6A0Yu9TBdAqRfRYyEbrUEZTZXCtA=",
        "owner": "tgirlcloud",
        "repo": "gift-wrap",
        "rev": "b45ba1c6f620333eda41c5a0985f2e02a570bcea",
        "type": "github"
      },
      "original": {
        "owner": "tgirlcloud",
        "repo": "gift-wrap",
        "type": "github"
      }
    },
    "home-manager": {
      "inputs": {
        "nixpkgs": [
          "nixpkgs"
        ]
      },
      "locked": {
        "lastModified": 1769951345,
        "narHash": "sha256-I1ZVdwGERLVdsi9FMVP2nLtlwUyfI0WGJjowjlMc4DU=",
        "owner": "nix-community",
        "repo": "home-manager",
        "rev": "47d542afdd31797a3f725b7639a6bae82aea5bb6",
        "type": "github"
      },
      "original": {
        "owner": "nix-community",
        "repo": "home-manager",
        "type": "github"
      }
    },
    "neovim-nightly": {
      "inputs": {
        "flake-parts": "flake-parts",
        "neovim-src": "neovim-src",
        "nixpkgs": [
          "anvim",
          "nixpkgs"
        ]
      },
      "locked": {
        "lastModified": 1769904653,
        "narHash": "sha256-ZDVBonlM1KWDrgmiWQiUffHkxrlmb7ycA6c/BzZO2nw=",
        "owner": "nix-community",
        "repo": "neovim-nightly-overlay",
        "rev": "ff53ef2634c6fe3af40c2ac893fd2e486e5fe353",
        "type": "github"
      },
      "original": {
        "owner": "nix-community",
        "repo": "neovim-nightly-overlay",
        "type": "github"
      }
    },
    "neovim-src": {
      "flake": false,
      "locked": {
        "lastModified": 1769867454,
        "narHash": "sha256-lJWmcmmbUlzWNtIU7klxvBzTDzeAThcgoCPAqMn46o0=",
        "owner": "neovim",
        "repo": "neovim",
        "rev": "270c7b46afabdb16a833f67747067b769901f269",
        "type": "github"
      },
      "original": {
        "owner": "neovim",
        "repo": "neovim",
        "type": "github"
      }
    },
    "niri": {
      "inputs": {
        "niri-stable": "niri-stable",
        "niri-unstable": "niri-unstable",
        "nixpkgs": [
          "nixpkgs"
        ],
        "nixpkgs-stable": [
          "nixpkgs"
        ],
        "xwayland-satellite-stable": "xwayland-satellite-stable",
        "xwayland-satellite-unstable": "xwayland-satellite-unstable"
      },
      "locked": {
        "lastModified": 1769944396,
        "narHash": "sha256-kBpujDuAGqAiVpwjwWH89otVgIAyYWlpP00tYqdMWv8=",
        "owner": "sodiboo",
        "repo": "niri-flake",
        "rev": "783e1ca7fc33a09e9806c9a9672a796272742cfb",
        "type": "github"
      },
      "original": {
        "owner": "sodiboo",
        "repo": "niri-flake",
        "type": "github"
      }
    },
    "niri-stable": {
      "flake": false,
      "locked": {
        "lastModified": 1756556321,
        "narHash": "sha256-RLD89dfjN0RVO86C/Mot0T7aduCygPGaYbog566F0Qo=",
        "owner": "YaLTeR",
        "repo": "niri",
        "rev": "01be0e65f4eb91a9cd624ac0b76aaeab765c7294",
        "type": "github"
      },
      "original": {
        "owner": "YaLTeR",
        "ref": "v25.08",
        "repo": "niri",
        "type": "github"
      }
    },
    "niri-unstable": {
      "flake": false,
      "locked": {
        "lastModified": 1769577126,
        "narHash": "sha256-v9vz9Rj4MGwPuhGELdvpRKl2HH+xvkgat6VwL0L86Fg=",
        "owner": "YaLTeR",
        "repo": "niri",
        "rev": "f30db163b5748e8cf95c05aba77d0d3736f40543",
        "type": "github"
      },
      "original": {
        "owner": "YaLTeR",
        "repo": "niri",
        "type": "github"
      }
    },
    "nixpkgs": {
      "locked": {
        "lastModified": 1769461804,
        "narHash": "sha256-6LCoopbVfvyw+BnhOwMLSeQjotkBsJMHcvbPhrn2t9E=",
        "rev": "bfc1b8a4574108ceef22f02bafcf6611380c100d",
        "type": "tarball",
        "url": "https://releases.nixos.org/nixos/unstable/nixos-26.05pre935279.bfc1b8a45741/nixexprs.tar.xz?lastModified=1769461804&rev=bfc1b8a4574108ceef22f02bafcf6611380c100d"
      },
      "original": {
        "type": "tarball",
        "url": "https://channels.nixos.org/nixos-unstable/nixexprs.tar.xz"
      }
    },
    "root": {
      "inputs": {
        "agenix": "agenix",
        "anvim": "anvim",
        "cuteff": "cuteff",
        "evergarden": "evergarden",
        "home-manager": "home-manager",
        "niri": "niri",
        "nixpkgs": "nixpkgs",
        "systems": "systems",
        "zen-browser": "zen-browser"
      }
    },
    "systems": {
      "locked": {
        "lastModified": 1681028828,
        "narHash": "sha256-Vy1rq5AaRuLzOxct8nz4T6wlgyUR7zLU309k9mBC768=",
        "owner": "nix-systems",
        "repo": "default",
        "rev": "da67096a3b9bf56a91d16901293e51ba5b49a27e",
        "type": "github"
      },
      "original": {
        "owner": "nix-systems",
        "repo": "default",
        "type": "github"
      }
    },
    "xwayland-satellite-stable": {
      "flake": false,
      "locked": {
        "lastModified": 1755491097,
        "narHash": "sha256-m+9tUfsmBeF2Gn4HWa6vSITZ4Gz1eA1F5Kh62B0N4oE=",
        "owner": "Supreeeme",
        "repo": "xwayland-satellite",
        "rev": "388d291e82ffbc73be18169d39470f340707edaa",
        "type": "github"
      },
      "original": {
        "owner": "Supreeeme",
        "ref": "v0.7",
        "repo": "xwayland-satellite",
        "type": "github"
      }
    },
    "xwayland-satellite-unstable": {
      "flake": false,
      "locked": {
        "lastModified": 1769713942,
        "narHash": "sha256-0BtCSO2qzYK/akRDsERqRVLknCYD3FYErc+szreSHUo=",
        "owner": "Supreeeme",
        "repo": "xwayland-satellite",
        "rev": "37ec78ee26e158b71f42e113e0e7dd9d5eb6bdb0",
        "type": "github"
      },
      "original": {
        "owner": "Supreeeme",
        "repo": "xwayland-satellite",
        "type": "github"
      }
    },
    "zen-browser": {
      "inputs": {
        "home-manager": [
          "home-manager"
        ],
        "nixpkgs": [
          "nixpkgs"
        ]
      },
      "locked": {
        "lastModified": 1769738723,
        "narHash": "sha256-ioCEdVwy0nlOafPZQjbS1ogwdpujaFF7dv58ULo8auI=",
        "owner": "0xc000022070",
        "repo": "zen-browser-flake",
        "rev": "9673f8049ccd8b73c8a7df2806f769081849315e",
        "type": "github"
      },
      "original": {
        "owner": "0xc000022070",
        "ref": "beta",
        "repo": "zen-browser-flake",
        "type": "github"
      }
    }
  },
  "root": "root",
  "version": 7
}
