{
  "nodes": {
    "agenix": {
      "inputs": {
        "darwin": "darwin",
        "home-manager": [
          "home-manager"
        ],
        "nixpkgs": [
          "nixpkgs"
        ],
        "systems": [
          "systems"
        ]
      },
      "locked": {
        "lastModified": 1762618334,
        "narHash": "sha256-wyT7Pl6tMFbFrs8Lk/TlEs81N6L+VSybPfiIgzU8lbQ=",
        "owner": "ryantm",
        "repo": "agenix",
        "rev": "fcdea223397448d35d9b31f798479227e80183f6",
        "type": "github"
      },
      "original": {
        "owner": "ryantm",
        "repo": "agenix",
        "type": "github"
      }
    },
    "anvim": {
      "inputs": {
        "nixpkgs": [
          "nixpkgs"
        ]
      },
      "locked": {
        "lastModified": 1763039320,
        "narHash": "sha256-PAyOuaq7sMfovPCtgYY0/zNSNxZ9jtGHORc40UsBtwU=",
        "owner": "adamperkowski",
        "repo": "anvim",
        "rev": "471a793c951a7f2ee851a91989d4372eea12fffa",
        "type": "github"
      },
      "original": {
        "owner": "adamperkowski",
        "repo": "anvim",
        "type": "github"
      }
    },
    "darwin": {
      "inputs": {
        "nixpkgs": [
          "agenix",
          "nixpkgs"
        ]
      },
      "locked": {
        "lastModified": 1744478979,
        "narHash": "sha256-dyN+teG9G82G+m+PX/aSAagkC+vUv0SgUw3XkPhQodQ=",
        "owner": "lnl7",
        "repo": "nix-darwin",
        "rev": "43975d782b418ebf4969e9ccba82466728c2851b",
        "type": "github"
      },
      "original": {
        "owner": "lnl7",
        "ref": "master",
        "repo": "nix-darwin",
        "type": "github"
      }
    },
    "flake-utils": {
      "inputs": {
        "systems": "systems"
      },
      "locked": {
        "lastModified": 1731533236,
        "narHash": "sha256-l0KFg5HjrsfsO/JpG+r7fRrqm12kzFHyUHqHCVpMMbI=",
        "owner": "numtide",
        "repo": "flake-utils",
        "rev": "11707dc2f618dd54ca8739b309ec4fc024de578b",
        "type": "github"
      },
      "original": {
        "owner": "numtide",
        "repo": "flake-utils",
        "type": "github"
      }
    },
    "home-manager": {
      "inputs": {
        "nixpkgs": [
          "nixpkgs"
        ]
      },
      "locked": {
        "lastModified": 1764177491,
        "narHash": "sha256-dhX2abFWxeXab3Aad4Pg1xGtn9W84/qetNXfmYUwktw=",
        "owner": "nix-community",
        "repo": "home-manager",
        "rev": "2217780c39169a9c77915200137550c2ef0fa974",
        "type": "github"
      },
      "original": {
        "owner": "nix-community",
        "ref": "release-25.11",
        "repo": "home-manager",
        "type": "github"
      }
    },
    "iamb": {
      "inputs": {
        "flake-utils": "flake-utils",
        "nixpkgs": [
          "nixpkgs"
        ],
        "rust-overlay": "rust-overlay"
      },
      "locked": {
        "lastModified": 1753247963,
        "narHash": "sha256-hXYxEwwC5taNnCE1KuM4XcGFf7aaTnZNF5A8/MuIK8w=",
        "owner": "ulyssa",
        "repo": "iamb",
        "rev": "e9cdb3371abb60d74e2a3949b6e0adcd073165ce",
        "type": "github"
      },
      "original": {
        "owner": "ulyssa",
        "ref": "v0.0.11-alpha.1",
        "repo": "iamb",
        "type": "github"
      }
    },
    "niri": {
      "inputs": {
        "niri-stable": "niri-stable",
        "niri-unstable": "niri-unstable",
        "nixpkgs": [
          "nixpkgs-unstable"
        ],
        "nixpkgs-stable": [
          "nixpkgs"
        ],
        "xwayland-satellite-stable": "xwayland-satellite-stable",
        "xwayland-satellite-unstable": "xwayland-satellite-unstable"
      },
      "locked": {
        "lastModified": 1764165116,
        "narHash": "sha256-DN0m9X9dFPxNTfhaUWlHoM2CFbNiWgxVHzC4j0AIiuc=",
        "owner": "sodiboo",
        "repo": "niri-flake",
        "rev": "ae097a3c5ef217f9441d0da1c0bc14bbb4796b94",
        "type": "github"
      },
      "original": {
        "owner": "sodiboo",
        "repo": "niri-flake",
        "type": "github"
      }
    },
    "niri-stable": {
      "flake": false,
      "locked": {
        "lastModified": 1756556321,
        "narHash": "sha256-RLD89dfjN0RVO86C/Mot0T7aduCygPGaYbog566F0Qo=",
        "owner": "YaLTeR",
        "repo": "niri",
        "rev": "01be0e65f4eb91a9cd624ac0b76aaeab765c7294",
        "type": "github"
      },
      "original": {
        "owner": "YaLTeR",
        "ref": "v25.08",
        "repo": "niri",
        "type": "github"
      }
    },
    "niri-unstable": {
      "flake": false,
      "locked": {
        "lastModified": 1764160906,
        "narHash": "sha256-6Dud/oe0UnkgCe+JAGF+GjXl6S6ynpcAUYWCdbXjJL4=",
        "owner": "YaLTeR",
        "repo": "niri",
        "rev": "8370c539fb584f78924b826d0ac0ad8fa068cf95",
        "type": "github"
      },
      "original": {
        "owner": "YaLTeR",
        "repo": "niri",
        "type": "github"
      }
    },
    "nixpkgs": {
      "locked": {
        "lastModified": 1736320768,
        "narHash": "sha256-nIYdTAiKIGnFNugbomgBJR+Xv5F1ZQU+HfaBqJKroC0=",
        "owner": "NixOS",
        "repo": "nixpkgs",
        "rev": "4bc9c909d9ac828a039f288cf872d16d38185db8",
        "type": "github"
      },
      "original": {
        "owner": "NixOS",
        "ref": "nixpkgs-unstable",
        "repo": "nixpkgs",
        "type": "github"
      }
    },
    "nixpkgs-unstable": {
      "locked": {
        "lastModified": 1764230294,
        "narHash": "sha256-LGU93g01gClmIpYL0xR0fJ5rs5it7ttjjcB+xKaMcH4=",
        "rev": "0d59e0290eefe0f12512043842d7096c4070f30e",
        "type": "tarball",
        "url": "https://releases.nixos.org/nixpkgs/nixpkgs-26.05pre903204.0d59e0290eef/nixexprs.tar.xz?lastModified=1764230294&rev=0d59e0290eefe0f12512043842d7096c4070f30e"
      },
      "original": {
        "type": "tarball",
        "url": "https://channels.nixos.org/nixpkgs-unstable/nixexprs.tar.xz"
      }
    },
    "nixpkgs_2": {
      "locked": {
        "lastModified": 1764173365,
        "narHash": "sha256-QeO1K3OUZqJSduaDhq9hIB265U78iBR3mgv3ruOcLO8=",
        "rev": "2fecba9952096ba043c16b9ef40b92851ff3e5d9",
        "type": "tarball",
        "url": "https://releases.nixos.org/nixos/25.11/nixos-25.11beta186.2fecba995209/nixexprs.tar.xz?lastModified=1764173365&rev=2fecba9952096ba043c16b9ef40b92851ff3e5d9"
      },
      "original": {
        "type": "tarball",
        "url": "https://channels.nixos.org/nixos-25.11/nixexprs.tar.xz"
      }
    },
    "root": {
      "inputs": {
        "agenix": "agenix",
        "anvim": "anvim",
        "home-manager": "home-manager",
        "iamb": "iamb",
        "niri": "niri",
        "nixpkgs": "nixpkgs_2",
        "nixpkgs-unstable": "nixpkgs-unstable",
        "spicetify-nix": "spicetify-nix",
        "systems": "systems_2"
      }
    },
    "rust-overlay": {
      "inputs": {
        "nixpkgs": "nixpkgs"
      },
      "locked": {
        "lastModified": 1736994333,
        "narHash": "sha256-v4Jrok5yXsZ6dwj2+2uo5cSyUi9fBTurHqHvNHLT1XA=",
        "owner": "oxalica",
        "repo": "rust-overlay",
        "rev": "848db855cb9e88785996e961951659570fc58814",
        "type": "github"
      },
      "original": {
        "owner": "oxalica",
        "repo": "rust-overlay",
        "type": "github"
      }
    },
    "spicetify-nix": {
      "inputs": {
        "nixpkgs": [
          "nixpkgs"
        ],
        "systems": [
          "systems"
        ]
      },
      "locked": {
        "lastModified": 1763985453,
        "narHash": "sha256-vUqODgLIjeyHN7DP8dVx7oH9yB/L8qcxpN//4EmMQcM=",
        "owner": "Gerg-L",
        "repo": "spicetify-nix",
        "rev": "89cd40c646ec5b12e5c20c0e18f082e7629d4819",
        "type": "github"
      },
      "original": {
        "owner": "Gerg-L",
        "repo": "spicetify-nix",
        "type": "github"
      }
    },
    "systems": {
      "locked": {
        "lastModified": 1681028828,
        "narHash": "sha256-Vy1rq5AaRuLzOxct8nz4T6wlgyUR7zLU309k9mBC768=",
        "owner": "nix-systems",
        "repo": "default",
        "rev": "da67096a3b9bf56a91d16901293e51ba5b49a27e",
        "type": "github"
      },
      "original": {
        "owner": "nix-systems",
        "repo": "default",
        "type": "github"
      }
    },
    "systems_2": {
      "locked": {
        "lastModified": 1681028828,
        "narHash": "sha256-Vy1rq5AaRuLzOxct8nz4T6wlgyUR7zLU309k9mBC768=",
        "owner": "nix-systems",
        "repo": "default",
        "rev": "da67096a3b9bf56a91d16901293e51ba5b49a27e",
        "type": "github"
      },
      "original": {
        "owner": "nix-systems",
        "repo": "default",
        "type": "github"
      }
    },
    "xwayland-satellite-stable": {
      "flake": false,
      "locked": {
        "lastModified": 1755491097,
        "narHash": "sha256-m+9tUfsmBeF2Gn4HWa6vSITZ4Gz1eA1F5Kh62B0N4oE=",
        "owner": "Supreeeme",
        "repo": "xwayland-satellite",
        "rev": "388d291e82ffbc73be18169d39470f340707edaa",
        "type": "github"
      },
      "original": {
        "owner": "Supreeeme",
        "ref": "v0.7",
        "repo": "xwayland-satellite",
        "type": "github"
      }
    },
    "xwayland-satellite-unstable": {
      "flake": false,
      "locked": {
        "lastModified": 1763704521,
        "narHash": "sha256-ceYEV6PnvUN8Zixao4gpPuN+VT3B0SlAXKuPNHZhqUY=",
        "owner": "Supreeeme",
        "repo": "xwayland-satellite",
        "rev": "f379ff5722a821212eb59ada9cf8e51cb3654aad",
        "type": "github"
      },
      "original": {
        "owner": "Supreeeme",
        "repo": "xwayland-satellite",
        "type": "github"
      }
    }
  },
  "root": "root",
  "version": 7
}
